
Microsoft Visual Studio Solution File, Format Version 11.00
# Visual Studio 2010
Project("{FAE04EC0-301F-11D3-BF4B-00C04F79EFBC}") = "Assembly-CSharp", "Assembly-CSharp.csproj", "{A7314E26-C85D-AE2A-FBD7-8E9B68EF233E}"
EndProject
Global
	GlobalSection(SolutionConfigurationPlatforms) = preSolution
		Debug|Any CPU = Debug|Any CPU
		Release|Any CPU = Release|Any CPU
	EndGlobalSection
	GlobalSection(ProjectConfigurationPlatforms) = postSolution
		{A7314E26-C85D-AE2A-FBD7-8E9B68EF233E}.Debug|Any CPU.ActiveCfg = Debug|Any CPU
		{A7314E26-C85D-AE2A-FBD7-8E9B68EF233E}.Debug|Any CPU.Build.0 = Debug|Any CPU
		{A7314E26-C85D-AE2A-FBD7-8E9B68EF233E}.Release|Any CPU.ActiveCfg = Release|Any CPU
		{A7314E26-C85D-AE2A-FBD7-8E9B68EF233E}.Release|Any CPU.Build.0 = Release|Any CPU
	EndGlobalSection
	GlobalSection(SolutionProperties) = preSolution
		HideSolutionNode = FALSE
	EndGlobalSection
EndGlobal
